# Physical DE10-Standard bring-up target.
set_global_assignment -name FAMILY "Cyclone V"
set_global_assignment -name DEVICE 5CSXFC6D6F31C6
set_global_assignment -name TOP_LEVEL_ENTITY de10_standard_hw_top
set_global_assignment -name PROJECT_OUTPUT_DIRECTORY output_files

set_global_assignment -name SYSTEMVERILOG_FILE ../../rtl/pkg_accelerator.sv
set_global_assignment -name SYSTEMVERILOG_FILE ../../rtl/mac_unit.sv
set_global_assignment -name SYSTEMVERILOG_FILE ../../rtl/systolic_array.sv
set_global_assignment -name SYSTEMVERILOG_FILE ../../rtl/sram_controller.sv
set_global_assignment -name SYSTEMVERILOG_FILE ../../rtl/axi_stream_input.sv
set_global_assignment -name SYSTEMVERILOG_FILE ../../rtl/axi_stream_output.sv
set_global_assignment -name SYSTEMVERILOG_FILE ../../rtl/quantize_unit.sv
set_global_assignment -name SYSTEMVERILOG_FILE ../../rtl/layer_ctrl_fsm.sv
set_global_assignment -name SYSTEMVERILOG_FILE ../../rtl/inference_accelerator_top.sv
set_global_assignment -name SYSTEMVERILOG_FILE bearing_cnn_demo.sv
set_global_assignment -name SYSTEMVERILOG_FILE de10_standard_hw_top.sv
set_global_assignment -name SEARCH_PATH model_data

# Terasic DE10-Standard board I/O.
set_location_assignment PIN_AF14 -to CLOCK_50
set_instance_assignment -name IO_STANDARD "3.3-V LVTTL" -to CLOCK_50
set_location_assignment PIN_AJ4 -to KEY[0]
set_instance_assignment -name IO_STANDARD "3.3-V LVTTL" -to KEY[0]
set_location_assignment PIN_AB30 -to SW[0]
set_instance_assignment -name IO_STANDARD "2.5 V" -to SW[0]
set_location_assignment PIN_Y27 -to SW[1]
set_instance_assignment -name IO_STANDARD "2.5 V" -to SW[1]

set_location_assignment PIN_AA24 -to LEDR[0]
set_location_assignment PIN_AB23 -to LEDR[1]
set_location_assignment PIN_AC23 -to LEDR[2]
set_location_assignment PIN_AD24 -to LEDR[3]
set_location_assignment PIN_AG25 -to LEDR[4]
set_location_assignment PIN_AF25 -to LEDR[5]
set_location_assignment PIN_AE24 -to LEDR[6]
set_location_assignment PIN_AF24 -to LEDR[7]
set_location_assignment PIN_AB22 -to LEDR[8]
set_location_assignment PIN_AC22 -to LEDR[9]
set_instance_assignment -name IO_STANDARD "3.3-V LVTTL" -to LEDR

set_global_assignment -name LAST_QUARTUS_VERSION "25.1std.0 Lite Edition"
